# THIS IS AN AUTOGENERATED FILE. DO NOT EDIT THIS FILE DIRECTLY.
# yarn lockfile v1


"@babel/parser@^7.16.4":
  version "7.17.9"
  resolved "https://registry.npmmirror.com/@babel/parser/-/parser-7.17.9.tgz#9c94189a6062f0291418ca021077983058e171ef"
  integrity sha512-vqUSBLP8dQHFPdPi9bc5GK9vRkYHJ49fsZdtoJ8EQ8ibpwk5rPKfvNIwChB0KVXcIjcepEBBd2VHC5r9Gy8ueg==

"@vitejs/plugin-vue@^2.3.1":
  version "2.3.1"
  resolved "https://registry.npmmirror.com/@vitejs/plugin-vue/-/plugin-vue-2.3.1.tgz#5f286b8d3515381c6d5c8fa8eee5e6335f727e14"
  integrity sha512-YNzBt8+jt6bSwpt7LP890U1UcTOIZZxfpE5WOJ638PNxSEKOqAi0+FSKS0nVeukfdZ0Ai/H7AFd6k3hayfGZqQ==

"@vue/compiler-core@3.2.32":
  version "3.2.32"
  resolved "https://registry.npmmirror.com/@vue/compiler-core/-/compiler-core-3.2.32.tgz#a0be08214c55ae48092b413d8b552c0573e3a883"
  integrity sha512-bRQ8Rkpm/aYFElDWtKkTPHeLnX5pEkNxhPUcqu5crEJIilZH0yeFu/qUAcV4VfSE2AudNPkQSOwMZofhnuutmA==
  dependencies:
    "@babel/parser" "^7.16.4"
    "@vue/shared" "3.2.32"
    estree-walker "^2.0.2"
    source-map "^0.6.1"

"@vue/compiler-dom@3.2.32":
  version "3.2.32"
  resolved "https://registry.npmmirror.com/@vue/compiler-dom/-/compiler-dom-3.2.32.tgz#8ddae1ee463c18c5c3353c4716ec7c84ee29e5ad"
  integrity sha512-maa3PNB/NxR17h2hDQfcmS02o1f9r9QIpN1y6fe8tWPrS1E4+q8MqrvDDQNhYVPd84rc3ybtyumrgm9D5Rf/kg==
  dependencies:
    "@vue/compiler-core" "3.2.32"
    "@vue/shared" "3.2.32"

"@vue/compiler-sfc@3.2.32":
  version "3.2.32"
  resolved "https://registry.npmmirror.com/@vue/compiler-sfc/-/compiler-sfc-3.2.32.tgz#63e09762812b985aa97876fb5cc3265ba8990a8a"
  integrity sha512-uO6+Gh3AVdWm72lRRCjMr8nMOEqc6ezT9lWs5dPzh1E9TNaJkMYPaRtdY9flUv/fyVQotkfjY/ponjfR+trPSg==
  dependencies:
    "@babel/parser" "^7.16.4"
    "@vue/compiler-core" "3.2.32"
    "@vue/compiler-dom" "3.2.32"
    "@vue/compiler-ssr" "3.2.32"
    "@vue/reactivity-transform" "3.2.32"
    "@vue/shared" "3.2.32"
    estree-walker "^2.0.2"
    magic-string "^0.25.7"
    postcss "^8.1.10"
    source-map "^0.6.1"

"@vue/compiler-ssr@3.2.32":
  version "3.2.32"
  resolved "https://registry.npmmirror.com/@vue/compiler-ssr/-/compiler-ssr-3.2.32.tgz#06cf7539c483ba4a25b30bd6741e440c222d4c02"
  integrity sha512-ZklVUF/SgTx6yrDUkaTaBL/JMVOtSocP+z5Xz/qIqqLdW/hWL90P+ob/jOQ0Xc/om57892Q7sRSrex0wujOL2Q==
  dependencies:
    "@vue/compiler-dom" "3.2.32"
    "@vue/shared" "3.2.32"

"@vue/devtools-api@^6.0.0":
  version "6.1.4"
  resolved "https://registry.npmmirror.com/@vue/devtools-api/-/devtools-api-6.1.4.tgz#b4aec2f4b4599e11ba774a50c67fa378c9824e53"
  integrity sha512-IiA0SvDrJEgXvVxjNkHPFfDx6SXw0b/TUkqMcDZWNg9fnCAHbTpoo59YfJ9QLFkwa3raau5vSlRVzMSLDnfdtQ==

"@vue/reactivity-transform@3.2.32":
  version "3.2.32"
  resolved "https://registry.npmmirror.com/@vue/reactivity-transform/-/reactivity-transform-3.2.32.tgz#974fd2a1e682e962fbc5840be8432ac4ab8650d3"
  integrity sha512-CW1W9zaJtE275tZSWIfQKiPG0iHpdtSlmTqYBu7Y62qvtMgKG5yOxtvBs4RlrZHlaqFSE26avLAgQiTp4YHozw==
  dependencies:
    "@babel/parser" "^7.16.4"
    "@vue/compiler-core" "3.2.32"
    "@vue/shared" "3.2.32"
    estree-walker "^2.0.2"
    magic-string "^0.25.7"

"@vue/reactivity@3.2.32":
  version "3.2.32"
  resolved "https://registry.npmmirror.com/@vue/reactivity/-/reactivity-3.2.32.tgz#a859c8ab28a297d14a46cbd450bf70b3f6f87fac"
  integrity sha512-4zaDumuyDqkuhbb63hRd+YHFGopW7srFIWesLUQ2su/rJfWrSq3YUvoKAJE8Eu1EhZ2Q4c1NuwnEreKj1FkDxA==
  dependencies:
    "@vue/shared" "3.2.32"

"@vue/runtime-core@3.2.32":
  version "3.2.32"
  resolved "https://registry.npmmirror.com/@vue/runtime-core/-/runtime-core-3.2.32.tgz#8f8875dc032f99991bafb72070327ae5584a08dd"
  integrity sha512-uKKzK6LaCnbCJ7rcHvsK0azHLGpqs+Vi9B28CV1mfWVq1F3Bj8Okk3cX+5DtD06aUh4V2bYhS2UjjWiUUKUF0w==
  dependencies:
    "@vue/reactivity" "3.2.32"
    "@vue/shared" "3.2.32"

"@vue/runtime-dom@3.2.32":
  version "3.2.32"
  resolved "https://registry.npmmirror.com/@vue/runtime-dom/-/runtime-dom-3.2.32.tgz#53a8be5c9d72105faf4d11d10202063e9a29c39c"
  integrity sha512-AmlIg+GPqjkNoADLjHojEX5RGcAg+TsgXOOcUrtDHwKvA8mO26EnLQLB8nylDjU6AMJh2CIYn8NEgyOV5ZIScQ==
  dependencies:
    "@vue/runtime-core" "3.2.32"
    "@vue/shared" "3.2.32"
    csstype "^2.6.8"

"@vue/server-renderer@3.2.32":
  version "3.2.32"
  resolved "https://registry.npmmirror.com/@vue/server-renderer/-/server-renderer-3.2.32.tgz#432e0cb766feabe3b97956ae37b8f75c239f2c37"
  integrity sha512-TYKpZZfRJpGTTiy/s6bVYwQJpAUx3G03z4G7/3O18M11oacrMTVHaHjiPuPqf3xQtY8R4LKmQ3EOT/DRCA/7Wg==
  dependencies:
    "@vue/compiler-ssr" "3.2.32"
    "@vue/shared" "3.2.32"

"@vue/shared@3.2.32":
  version "3.2.32"
  resolved "https://registry.npmmirror.com/@vue/shared/-/shared-3.2.32.tgz#1ca0c3b8c03a5e24129156e171df736b2c1d645f"
  integrity sha512-bjcixPErUsAnTQRQX4Z5IQnICYjIfNCyCl8p29v1M6kfVzvwOICPw+dz48nNuWlTOOx2RHhzHdazJibE8GSnsw==

abab@^2.0.0:
  version "2.0.5"
  resolved "https://registry.npmmirror.com/abab/-/abab-2.0.5.tgz#c0b678fb32d60fc1219c784d6a826fe385aeb79a"
  integrity sha512-9IK9EadsbHo6jLWIpxpR6pL0sazTXV6+SQv25ZB+F7Bj9mJNaOc4nCRabwd5M/JwmUa8idz6Eci6eKfJryPs6Q==

acorn-globals@^4.3.2:
  version "4.3.4"
  resolved "https://registry.npmmirror.com/acorn-globals/-/acorn-globals-4.3.4.tgz#9fa1926addc11c97308c4e66d7add0d40c3272e7"
  integrity sha512-clfQEh21R+D0leSbUdWf3OcfqyaCSAQ8Ryq00bofSekfr9W8u1jyYZo6ir0xu9Gtcf7BjcHJpnbZH7JOCpP60A==
  dependencies:
    acorn "^6.0.1"
    acorn-walk "^6.0.1"

acorn-walk@^6.0.1:
  version "6.2.0"
  resolved "https://registry.npmmirror.com/acorn-walk/-/acorn-walk-6.2.0.tgz#123cb8f3b84c2171f1f7fb252615b1c78a6b1a8c"
  integrity sha512-7evsyfH1cLOCdAzZAd43Cic04yKydNx0cF+7tiA19p1XnLLPU4dpCQOqpjqwokFe//vS0QqfqqjCS2JkiIs0cA==

acorn@^6.0.1:
  version "6.4.2"
  resolved "https://registry.npmmirror.com/acorn/-/acorn-6.4.2.tgz#35866fd710528e92de10cf06016498e47e39e1e6"
  integrity sha512-XtGIhXwF8YM8bJhGxG5kXgjkEuNGLTkoYqVE+KMR+aspr4KGYmKYg7yUe3KghyQ9yheNwLnjmzh/7+gfDBmHCQ==

acorn@^7.1.0:
  version "7.4.1"
  resolved "https://registry.npmmirror.com/acorn/-/acorn-7.4.1.tgz#feaed255973d2e77555b83dbc08851a6c63520fa"
  integrity sha512-nQyp0o1/mNdbTO1PO6kHkwSrmgZ0MT/jCCpNiwbUjGoRN4dlBhqJtoQuCnEOKzgTVwg0ZWiCoQy6SxMebQVh8A==

ajv@^6.12.3:
  version "6.12.6"
  resolved "https://registry.npmmirror.com/ajv/-/ajv-6.12.6.tgz#baf5a62e802b07d977034586f8c3baf5adf26df4"
  integrity sha512-j3fVLgvTo527anyYyJOGTYJbG+vnnQYvE0m5mmkc1TK+nxAppkCLMIL0aZ4dblVCNoGShhm+kzE4ZUykBoMg4g==
  dependencies:
    fast-deep-equal "^3.1.1"
    fast-json-stable-stringify "^2.0.0"
    json-schema-traverse "^0.4.1"
    uri-js "^4.2.2"

array-equal@^1.0.0:
  version "1.0.0"
  resolved "https://registry.npmmirror.com/array-equal/-/array-equal-1.0.0.tgz#8c2a5ef2472fd9ea742b04c77a75093ba2757c93"
  integrity sha512-H3LU5RLiSsGXPhN+Nipar0iR0IofH+8r89G2y1tBKxQ/agagKyAjhkAFDRBfodP2caPrNKHpAWNIM/c9yeL7uA==

asn1@~0.2.3:
  version "0.2.6"
  resolved "https://registry.npmmirror.com/asn1/-/asn1-0.2.6.tgz#0d3a7bb6e64e02a90c0303b31f292868ea09a08d"
  integrity sha512-ix/FxPn0MDjeyJ7i/yoHGFt/EX6LyNbxSEhPPXODPL+KB0VPk86UYfL0lMdy+KCnv+fmvIzySwaK5COwqVbWTQ==
  dependencies:
    safer-buffer "~2.1.0"

assert-plus@1.0.0, assert-plus@^1.0.0:
  version "1.0.0"
  resolved "https://registry.npmmirror.com/assert-plus/-/assert-plus-1.0.0.tgz#f12e0f3c5d77b0b1cdd9146942e4e96c1e4dd525"
  integrity sha512-NfJ4UzBCcQGLDlQq7nHxH+tv3kyZ0hHQqF5BO6J7tNJeP5do1llPr8dZ8zHonfhAu0PHAdMkSo+8o0wxg9lZWw==

asynckit@^0.4.0:
  version "0.4.0"
  resolved "https://registry.npmmirror.com/asynckit/-/asynckit-0.4.0.tgz#c79ed97f7f34cb8f2ba1bc9790bcc366474b4b79"
  integrity sha512-Oei9OH4tRh0YqU3GxhX79dM/mwVgvbZJaSNaRk+bshkj0S5cfHcgYakreBjrHwatXKbz+IoIdYLxrKim2MjW0Q==

aws-sign2@~0.7.0:
  version "0.7.0"
  resolved "https://registry.npmmirror.com/aws-sign2/-/aws-sign2-0.7.0.tgz#b46e890934a9591f2d2f6f86d7e6a9f1b3fe76a8"
  integrity sha512-08kcGqnYf/YmjoRhfxyu+CLxBjUtHLXLXX/vUfx9l2LYzG3c1m61nrpyFUZI6zeS+Li/wWMMidD9KgrqtGq3mA==

aws4@^1.8.0:
  version "1.11.0"
  resolved "https://registry.npmmirror.com/aws4/-/aws4-1.11.0.tgz#d61f46d83b2519250e2784daf5b09479a8b41c59"
  integrity sha512-xh1Rl34h6Fi1DC2WWKfxUTVqRsNnr6LsKz2+hfwDxQJWmrx8+c7ylaqBMcHfl1U1r2dsifOvKX3LQuLNZ+XSvA==

axios@^0.26.1:
  version "0.26.1"
  resolved "https://registry.npmmirror.com/axios/-/axios-0.26.1.tgz#1ede41c51fcf51bbbd6fd43669caaa4f0495aaa9"
  integrity sha512-fPwcX4EvnSHuInCMItEhAGnaSEXRBjtzh9fOtsE6E1G6p7vl7edEeZe11QHf18+6+9gR5PbKV/sGKNaD8YaMeA==
  dependencies:
    follow-redirects "^1.14.8"

bcrypt-pbkdf@^1.0.0:
  version "1.0.2"
  resolved "https://registry.npmmirror.com/bcrypt-pbkdf/-/bcrypt-pbkdf-1.0.2.tgz#a4301d389b6a43f9b67ff3ca11a3f6637e360e9e"
  integrity sha512-qeFIXtP4MSoi6NLqO12WfqARWWuCKi2Rn/9hJLEmtB5yTNr9DqFWkJRCf2qShWzPeAMRnOgCrq0sg/KLv5ES9w==
  dependencies:
    tweetnacl "^0.14.3"

blockly@^8.0.0:
  version "8.0.0"
  resolved "https://registry.npmmirror.com/blockly/-/blockly-8.0.0.tgz#8b26273fe4c45c9a607cf615ee1d0e4056487c42"
  integrity sha512-zdUfpke0wFWHLAbTNMpB46FPOtaqNwa6XWnLQduCe7TqL893HfKSRB+O0wInL/t/u6WEIYLnbyI2ZyyqK8f+lw==
  dependencies:
    jsdom "15.2.1"

browser-process-hrtime@^1.0.0:
  version "1.0.0"
  resolved "https://registry.npmmirror.com/browser-process-hrtime/-/browser-process-hrtime-1.0.0.tgz#3c9b4b7d782c8121e56f10106d84c0d0ffc94626"
  integrity sha512-9o5UecI3GhkpM6DrXr69PblIuWxPKk9Y0jHBRhdocZ2y7YECBFCsHm79Pr3OyR2AvjhDkabFJaDJMYRazHgsow==

caseless@~0.12.0:
  version "0.12.0"
  resolved "https://registry.npmmirror.com/caseless/-/caseless-0.12.0.tgz#1b681c21ff84033c826543090689420d187151dc"
  integrity sha512-4tYFyifaFfGacoiObjJegolkwSU4xQNGbVgUiNYVUxbQ2x2lUsFvY4hVgVzGiIe6WLOPqycWXA40l+PWsxthUw==

combined-stream@^1.0.6, combined-stream@~1.0.6:
  version "1.0.8"
  resolved "https://registry.npmmirror.com/combined-stream/-/combined-stream-1.0.8.tgz#c3d45a8b34fd730631a110a8a2520682b31d5a7f"
  integrity sha512-FQN4MRfuJeHf7cBbBMJFXhKSDq+2kAArBlmRBvcvFE5BB1HZKXtSFASDhdlz9zOYwxh8lDdnvmMOe/+5cdoEdg==
  dependencies:
    delayed-stream "~1.0.0"

core-util-is@1.0.2:
  version "1.0.2"
  resolved "https://registry.npmmirror.com/core-util-is/-/core-util-is-1.0.2.tgz#b5fd54220aa2bc5ab57aab7140c940754503c1a7"
  integrity sha512-3lqz5YjWTYnW6dlDa5TLaTCcShfar1e40rmcJVwCBJC6mWlFuj0eCHIElmG1g5kyuJ/GD+8Wn4FFCcz4gJPfaQ==

cssom@^0.4.1:
  version "0.4.4"
  resolved "https://registry.npmmirror.com/cssom/-/cssom-0.4.4.tgz#5a66cf93d2d0b661d80bf6a44fb65f5c2e4e0a10"
  integrity sha512-p3pvU7r1MyyqbTk+WbNJIgJjG2VmTIaB10rI93LzVPrmDJKkzKYMtxxyAvQXR/NS6otuzveI7+7BBq3SjBS2mw==

cssom@~0.3.6:
  version "0.3.8"
  resolved "https://registry.npmmirror.com/cssom/-/cssom-0.3.8.tgz#9f1276f5b2b463f2114d3f2c75250af8c1a36f4a"
  integrity sha512-b0tGHbfegbhPJpxpiBPU2sCkigAqtM9O121le6bbOlgyV+NyGyCmVfJ6QW9eRjz8CpNfWEOYBIMIGRYkLwsIYg==

cssstyle@^2.0.0:
  version "2.3.0"
  resolved "https://registry.npmmirror.com/cssstyle/-/cssstyle-2.3.0.tgz#ff665a0ddbdc31864b09647f34163443d90b0852"
  integrity sha512-AZL67abkUzIuvcHqk7c09cezpGNcxUxU4Ioi/05xHk4DQeTkWmGYftIE6ctU6AEt+Gn4n1lDStOtj7FKycP71A==
  dependencies:
    cssom "~0.3.6"

csstype@^2.6.8:
  version "2.6.20"
  resolved "https://registry.npmmirror.com/csstype/-/csstype-2.6.20.tgz#9229c65ea0b260cf4d3d997cb06288e36a8d6dda"
  integrity sha512-/WwNkdXfckNgw6S5R125rrW8ez139lBHWouiBvX8dfMFtcn6V81REDqnH7+CRpRipfYlyU1CmOnOxrmGcFOjeA==

dashdash@^1.12.0:
  version "1.14.1"
  resolved "https://registry.npmmirror.com/dashdash/-/dashdash-1.14.1.tgz#853cfa0f7cbe2fed5de20326b8dd581035f6e2f0"
  integrity sha512-jRFi8UDGo6j+odZiEpjazZaWqEal3w/basFjQHQEwVtZJGDpxbH1MeYluwCS8Xq5wmLJooDlMgvVarmWfGM44g==
  dependencies:
    assert-plus "^1.0.0"

data-urls@^1.1.0:
  version "1.1.0"
  resolved "https://registry.npmmirror.com/data-urls/-/data-urls-1.1.0.tgz#15ee0582baa5e22bb59c77140da8f9c76963bbfe"
  integrity sha512-YTWYI9se1P55u58gL5GkQHW4P6VJBJ5iBT+B5a7i2Tjadhv52paJG0qHX4A0OR6/t52odI64KP2YvFpkDOi3eQ==
  dependencies:
    abab "^2.0.0"
    whatwg-mimetype "^2.2.0"
    whatwg-url "^7.0.0"

deep-is@~0.1.3:
  version "0.1.4"
  resolved "https://registry.npmmirror.com/deep-is/-/deep-is-0.1.4.tgz#a6f2dce612fadd2ef1f519b73551f17e85199831"
  integrity sha512-oIPzksmTg4/MriiaYGO+okXDT7ztn/w3Eptv/+gSIdMdKsJo0u4CfYNFJPy+4SKMuCqGw2wxnA+URMg3t8a/bQ==

delayed-stream@~1.0.0:
  version "1.0.0"
  resolved "https://registry.npmmirror.com/delayed-stream/-/delayed-stream-1.0.0.tgz#df3ae199acadfb7d440aaae0b29e2272b24ec619"
  integrity sha512-ZySD7Nf91aLB0RxL4KGrKHBXl7Eds1DAmEdcoVawXnLD7SDhpNgtuII2aAkg7a7QS41jxPSZ17p4VdGnMHk3MQ==

domexception@^1.0.1:
  version "1.0.1"
  resolved "https://registry.npmmirror.com/domexception/-/domexception-1.0.1.tgz#937442644ca6a31261ef36e3ec677fe805582c90"
  integrity sha512-raigMkn7CJNNo6Ihro1fzG7wr3fHuYVytzquZKX5n0yizGsTcYgzdIUwj1X9pK0VvjeihV+XiclP+DjwbsSKug==
  dependencies:
    webidl-conversions "^4.0.2"

ecc-jsbn@~0.1.1:
  version "0.1.2"
  resolved "https://registry.npmmirror.com/ecc-jsbn/-/ecc-jsbn-0.1.2.tgz#3a83a904e54353287874c564b7549386849a98c9"
  integrity sha512-eh9O+hwRHNbG4BLTjEl3nw044CkGm5X6LoaCf7LPp7UU8Qrt47JYNi6nPX8xjW97TKGKm1ouctg0QSpZe9qrnw==
  dependencies:
    jsbn "~0.1.0"
    safer-buffer "^2.1.0"

esbuild-android-64@0.14.36:
  version "0.14.36"
  resolved "https://registry.npmmirror.com/esbuild-android-64/-/esbuild-android-64-0.14.36.tgz#fc5f95ce78c8c3d790fa16bc71bd904f2bb42aa1"
  integrity sha512-jwpBhF1jmo0tVCYC/ORzVN+hyVcNZUWuozGcLHfod0RJCedTDTvR4nwlTXdx1gtncDqjk33itjO+27OZHbiavw==

esbuild-android-arm64@0.14.36:
  version "0.14.36"
  resolved "https://registry.npmmirror.com/esbuild-android-arm64/-/esbuild-android-arm64-0.14.36.tgz#44356fbb9f8de82a5cdf11849e011dfb3ad0a8a8"
  integrity sha512-/hYkyFe7x7Yapmfv4X/tBmyKnggUmdQmlvZ8ZlBnV4+PjisrEhAvC3yWpURuD9XoB8Wa1d5dGkTsF53pIvpjsg==

esbuild-darwin-64@0.14.36:
  version "0.14.36"
  resolved "https://registry.npmmirror.com/esbuild-darwin-64/-/esbuild-darwin-64-0.14.36.tgz#3d9324b21489c70141665c2e740d6e84f16f725d"
  integrity sha512-kkl6qmV0dTpyIMKagluzYqlc1vO0ecgpviK/7jwPbRDEv5fejRTaBBEE2KxEQbTHcLhiiDbhG7d5UybZWo/1zQ==

esbuild-darwin-arm64@0.14.36:
  version "0.14.36"
  resolved "https://registry.npmmirror.com/esbuild-darwin-arm64/-/esbuild-darwin-arm64-0.14.36.tgz#2a8040c2e465131e5281034f3c72405e643cb7b2"
  integrity sha512-q8fY4r2Sx6P0Pr3VUm//eFYKVk07C5MHcEinU1BjyFnuYz4IxR/03uBbDwluR6ILIHnZTE7AkTUWIdidRi1Jjw==

esbuild-freebsd-64@0.14.36:
  version "0.14.36"
  resolved "https://registry.npmmirror.com/esbuild-freebsd-64/-/esbuild-freebsd-64-0.14.36.tgz#d82c387b4d01fe9e8631f97d41eb54f2dbeb68a3"
  integrity sha512-Hn8AYuxXXRptybPqoMkga4HRFE7/XmhtlQjXFHoAIhKUPPMeJH35GYEUWGbjteai9FLFvBAjEAlwEtSGxnqWww==

esbuild-freebsd-arm64@0.14.36:
  version "0.14.36"
  resolved "https://registry.npmmirror.com/esbuild-freebsd-arm64/-/esbuild-freebsd-arm64-0.14.36.tgz#e8ce2e6c697da6c7ecd0cc0ac821d47c5ab68529"
  integrity sha512-S3C0attylLLRiCcHiJd036eDEMOY32+h8P+jJ3kTcfhJANNjP0TNBNL30TZmEdOSx/820HJFgRrqpNAvTbjnDA==

esbuild-linux-32@0.14.36:
  version "0.14.36"
  resolved "https://registry.npmmirror.com/esbuild-linux-32/-/esbuild-linux-32-0.14.36.tgz#a4a261e2af91986ea62451f2db712a556cb38a15"
  integrity sha512-Eh9OkyTrEZn9WGO4xkI3OPPpUX7p/3QYvdG0lL4rfr73Ap2HAr6D9lP59VMF64Ex01LhHSXwIsFG/8AQjh6eNw==

esbuild-linux-64@0.14.36:
  version "0.14.36"
  resolved "https://registry.npmmirror.com/esbuild-linux-64/-/esbuild-linux-64-0.14.36.tgz#4a9500f9197e2c8fcb884a511d2c9d4c2debde72"
  integrity sha512-vFVFS5ve7PuwlfgoWNyRccGDi2QTNkQo/2k5U5ttVD0jRFaMlc8UQee708fOZA6zTCDy5RWsT5MJw3sl2X6KDg==

esbuild-linux-arm64@0.14.36:
  version "0.14.36"
  resolved "https://registry.npmmirror.com/esbuild-linux-arm64/-/esbuild-linux-arm64-0.14.36.tgz#c91c21e25b315464bd7da867365dd1dae14ca176"
  integrity sha512-24Vq1M7FdpSmaTYuu1w0Hdhiqkbto1I5Pjyi+4Cdw5fJKGlwQuw+hWynTcRI/cOZxBcBpP21gND7W27gHAiftw==

esbuild-linux-arm@0.14.36:
  version "0.14.36"
  resolved "https://registry.npmmirror.com/esbuild-linux-arm/-/esbuild-linux-arm-0.14.36.tgz#90e23bca2e6e549affbbe994f80ba3bb6c4d934a"
  integrity sha512-NhgU4n+NCsYgt7Hy61PCquEz5aevI6VjQvxwBxtxrooXsxt5b2xtOUXYZe04JxqQo+XZk3d1gcr7pbV9MAQ/Lg==

esbuild-linux-mips64le@0.14.36:
  version "0.14.36"
  resolved "https://registry.npmmirror.com/esbuild-linux-mips64le/-/esbuild-linux-mips64le-0.14.36.tgz#40e11afb08353ff24709fc89e4db0f866bc131d2"
  integrity sha512-hZUeTXvppJN+5rEz2EjsOFM9F1bZt7/d2FUM1lmQo//rXh1RTFYzhC0txn7WV0/jCC7SvrGRaRz0NMsRPf8SIA==

esbuild-linux-ppc64le@0.14.36:
  version "0.14.36"
  resolved "https://registry.npmmirror.com/esbuild-linux-ppc64le/-/esbuild-linux-ppc64le-0.14.36.tgz#9e8a588c513d06cc3859f9dcc52e5fdfce8a1a5e"
  integrity sha512-1Bg3QgzZjO+QtPhP9VeIBhAduHEc2kzU43MzBnMwpLSZ890azr4/A9Dganun8nsqD/1TBcqhId0z4mFDO8FAvg==

esbuild-linux-riscv64@0.14.36:
  version "0.14.36"
  resolved "https://registry.npmmirror.com/esbuild-linux-riscv64/-/esbuild-linux-riscv64-0.14.36.tgz#e578c09b23b3b97652e60e3692bfda628b541f06"
  integrity sha512-dOE5pt3cOdqEhaufDRzNCHf5BSwxgygVak9UR7PH7KPVHwSTDAZHDoEjblxLqjJYpc5XaU9+gKJ9F8mp9r5I4A==

esbuild-linux-s390x@0.14.36:
  version "0.14.36"
  resolved "https://registry.npmmirror.com/esbuild-linux-s390x/-/esbuild-linux-s390x-0.14.36.tgz#3c9dab40d0d69932ffded0fd7317bb403626c9bc"
  integrity sha512-g4FMdh//BBGTfVHjF6MO7Cz8gqRoDPzXWxRvWkJoGroKA18G9m0wddvPbEqcQf5Tbt2vSc1CIgag7cXwTmoTXg==

esbuild-netbsd-64@0.14.36:
  version "0.14.36"
  resolved "https://registry.npmmirror.com/esbuild-netbsd-64/-/esbuild-netbsd-64-0.14.36.tgz#e27847f6d506218291619b8c1e121ecd97628494"
  integrity sha512-UB2bVImxkWk4vjnP62ehFNZ73lQY1xcnL5ZNYF3x0AG+j8HgdkNF05v67YJdCIuUJpBuTyCK8LORCYo9onSW+A==

esbuild-openbsd-64@0.14.36:
  version "0.14.36"
  resolved "https://registry.npmmirror.com/esbuild-openbsd-64/-/esbuild-openbsd-64-0.14.36.tgz#c94c04c557fae516872a586eae67423da6d2fabb"
  integrity sha512-NvGB2Chf8GxuleXRGk8e9zD3aSdRO5kLt9coTQbCg7WMGXeX471sBgh4kSg8pjx0yTXRt0MlrUDnjVYnetyivg==

esbuild-sunos-64@0.14.36:
  version "0.14.36"
  resolved "https://registry.npmmirror.com/esbuild-sunos-64/-/esbuild-sunos-64-0.14.36.tgz#9b79febc0df65a30f1c9bd63047d1675511bf99d"
  integrity sha512-VkUZS5ftTSjhRjuRLp+v78auMO3PZBXu6xl4ajomGenEm2/rGuWlhFSjB7YbBNErOchj51Jb2OK8lKAo8qdmsQ==

esbuild-windows-32@0.14.36:
  version "0.14.36"
  resolved "https://registry.npmmirror.com/esbuild-windows-32/-/esbuild-windows-32-0.14.36.tgz#910d11936c8d2122ffdd3275e5b28d8a4e1240ec"
  integrity sha512-bIar+A6hdytJjZrDxfMBUSEHHLfx3ynoEZXx/39nxy86pX/w249WZm8Bm0dtOAByAf4Z6qV0LsnTIJHiIqbw0w==

esbuild-windows-64@0.14.36:
  version "0.14.36"
  resolved "https://registry.npmmirror.com/esbuild-windows-64/-/esbuild-windows-64-0.14.36.tgz#21b4ce8b42a4efc63f4b58ec617f1302448aad26"
  integrity sha512-+p4MuRZekVChAeueT1Y9LGkxrT5x7YYJxYE8ZOTcEfeUUN43vktSn6hUNsvxzzATrSgq5QqRdllkVBxWZg7KqQ==

esbuild-windows-arm64@0.14.36:
  version "0.14.36"
  resolved "https://registry.npmmirror.com/esbuild-windows-arm64/-/esbuild-windows-arm64-0.14.36.tgz#ba21546fecb7297667d0052d00150de22c044b24"
  integrity sha512-fBB4WlDqV1m18EF/aheGYQkQZHfPHiHJSBYzXIo8yKehek+0BtBwo/4PNwKGJ5T0YK0oc8pBKjgwPbzSrPLb+Q==

esbuild@^0.14.27:
  version "0.14.36"
  resolved "https://registry.npmmirror.com/esbuild/-/esbuild-0.14.36.tgz#0023a73eab57886ac5605df16ee421e471a971b3"
  integrity sha512-HhFHPiRXGYOCRlrhpiVDYKcFJRdO0sBElZ668M4lh2ER0YgnkLxECuFe7uWCf23FrcLc59Pqr7dHkTqmRPDHmw==
  optionalDependencies:
    esbuild-android-64 "0.14.36"
    esbuild-android-arm64 "0.14.36"
    esbuild-darwin-64 "0.14.36"
    esbuild-darwin-arm64 "0.14.36"
    esbuild-freebsd-64 "0.14.36"
    esbuild-freebsd-arm64 "0.14.36"
    esbuild-linux-32 "0.14.36"
    esbuild-linux-64 "0.14.36"
    esbuild-linux-arm "0.14.36"
    esbuild-linux-arm64 "0.14.36"
    esbuild-linux-mips64le "0.14.36"
    esbuild-linux-ppc64le "0.14.36"
    esbuild-linux-riscv64 "0.14.36"
    esbuild-linux-s390x "0.14.36"
    esbuild-netbsd-64 "0.14.36"
    esbuild-openbsd-64 "0.14.36"
    esbuild-sunos-64 "0.14.36"
    esbuild-windows-32 "0.14.36"
    esbuild-windows-64 "0.14.36"
    esbuild-windows-arm64 "0.14.36"

escodegen@^1.11.1:
  version "1.14.3"
  resolved "https://registry.npmmirror.com/escodegen/-/escodegen-1.14.3.tgz#4e7b81fba61581dc97582ed78cab7f0e8d63f503"
  integrity sha512-qFcX0XJkdg+PB3xjZZG/wKSuT1PnQWx57+TVSjIMmILd2yC/6ByYElPwJnslDsuWuSAp4AwJGumarAAmJch5Kw==
  dependencies:
    esprima "^4.0.1"
    estraverse "^4.2.0"
    esutils "^2.0.2"
    optionator "^0.8.1"
  optionalDependencies:
    source-map "~0.6.1"

esprima@^4.0.1:
  version "4.0.1"
  resolved "https://registry.npmmirror.com/esprima/-/esprima-4.0.1.tgz#13b04cdb3e6c5d19df91ab6987a8695619b0aa71"
  integrity sha512-eGuFFw7Upda+g4p+QHvnW0RyTX/SVeJBDM/gCtMARO0cLuT2HcEKnTPvhjV6aGeqrCB/sbNop0Kszm0jsaWU4A==

estraverse@^4.2.0:
  version "4.3.0"
  resolved "https://registry.npmmirror.com/estraverse/-/estraverse-4.3.0.tgz#398ad3f3c5a24948be7725e83d11a7de28cdbd1d"
  integrity sha512-39nnKffWz8xN1BU/2c79n9nB9HDzo0niYUqx6xyqUnyoAnQyyWpOTdZEeiCch8BBu515t4wp9ZmgVfVhn9EBpw==

estree-walker@^2.0.2:
  version "2.0.2"
  resolved "https://registry.npmmirror.com/estree-walker/-/estree-walker-2.0.2.tgz#52f010178c2a4c117a7757cfe942adb7d2da4cac"
  integrity sha512-Rfkk/Mp/DL7JVje3u18FxFujQlTNR2q6QfMSMB7AvCBx91NGj/ba3kCfza0f6dVDbw7YlRf/nDrn7pQrCCyQ/w==

esutils@^2.0.2:
  version "2.0.3"
  resolved "https://registry.npmmirror.com/esutils/-/esutils-2.0.3.tgz#74d2eb4de0b8da1293711910d50775b9b710ef64"
  integrity sha512-kVscqXk4OCp68SZ0dkgEKVi6/8ij300KBWTJq32P/dYeWTSwK41WyTxalN1eRmA5Z9UU/LX9D7FWSmV9SAYx6g==

extend@~3.0.2:
  version "3.0.2"
  resolved "https://registry.npmmirror.com/extend/-/extend-3.0.2.tgz#f8b1136b4071fbd8eb140aff858b1019ec2915fa"
  integrity sha512-fjquC59cD7CyW6urNXK0FBufkZcoiGG80wTuPujX590cB5Ttln20E2UB4S/WARVqhXffZl2LNgS+gQdPIIim/g==

extsprintf@1.3.0:
  version "1.3.0"
  resolved "https://registry.npmmirror.com/extsprintf/-/extsprintf-1.3.0.tgz#96918440e3041a7a414f8c52e3c574eb3c3e1e05"
  integrity sha512-11Ndz7Nv+mvAC1j0ktTa7fAb0vLyGGX+rMHNBYQviQDGU0Hw7lhctJANqbPhu9nV9/izT/IntTgZ7Im/9LJs9g==

extsprintf@^1.2.0:
  version "1.4.1"
  resolved "https://registry.npmmirror.com/extsprintf/-/extsprintf-1.4.1.tgz#8d172c064867f235c0c84a596806d279bf4bcc07"
  integrity sha512-Wrk35e8ydCKDj/ArClo1VrPVmN8zph5V4AtHwIuHhvMXsKf73UT3BOD+azBIW+3wOJ4FhEH7zyaJCFvChjYvMA==

fast-deep-equal@^3.1.1:
  version "3.1.3"
  resolved "https://registry.npmmirror.com/fast-deep-equal/-/fast-deep-equal-3.1.3.tgz#3a7d56b559d6cbc3eb512325244e619a65c6c525"
  integrity sha512-f3qQ9oQy9j2AhBe/H9VC91wLmKBCCU/gDOnKNAYG5hswO7BLKj09Hc5HYNz9cGI++xlpDCIgDaitVs03ATR84Q==

fast-json-stable-stringify@^2.0.0:
  version "2.1.0"
  resolved "https://registry.npmmirror.com/fast-json-stable-stringify/-/fast-json-stable-stringify-2.1.0.tgz#874bf69c6f404c2b5d99c481341399fd55892633"
  integrity sha512-lhd/wF+Lk98HZoTCtlVraHtfh5XYijIjalXck7saUtuanSDyLMxnHhSXEDJqHxD7msR8D0uCmqlkwjCV8xvwHw==

fast-levenshtein@~2.0.6:
  version "2.0.6"
  resolved "https://registry.npmmirror.com/fast-levenshtein/-/fast-levenshtein-2.0.6.tgz#3d8a5c66883a16a30ca8643e851f19baa7797917"
  integrity sha512-DCXu6Ifhqcks7TZKY3Hxp3y6qphY5SJZmrWMDrKcERSOXWQdMhU9Ig/PYrzyw/ul9jOIyh0N4M0tbC5hodg8dw==

follow-redirects@^1.14.8:
  version "1.14.9"
  resolved "https://registry.npmmirror.com/follow-redirects/-/follow-redirects-1.14.9.tgz#dd4ea157de7bfaf9ea9b3fbd85aa16951f78d8d7"
  integrity sha512-MQDfihBQYMcyy5dhRDJUHcw7lb2Pv/TuE6xP1vyraLukNDHKbDxDNaOE3NbCAdKQApno+GPRyo1YAp89yCjK4w==

forever-agent@~0.6.1:
  version "0.6.1"
  resolved "https://registry.npmmirror.com/forever-agent/-/forever-agent-0.6.1.tgz#fbc71f0c41adeb37f96c577ad1ed42d8fdacca91"
  integrity sha512-j0KLYPhm6zeac4lz3oJ3o65qvgQCcPubiyotZrXqEaG4hNagNYO8qdlUrX5vwqv9ohqeT/Z3j6+yW067yWWdUw==

form-data@~2.3.2:
  version "2.3.3"
  resolved "https://registry.npmmirror.com/form-data/-/form-data-2.3.3.tgz#dcce52c05f644f298c6a7ab936bd724ceffbf3a6"
  integrity sha512-1lLKB2Mu3aGP1Q/2eCOx0fNbRMe7XdwktwOruhfqqd0rIJWwN4Dh+E3hrPSlDCXnSR7UtZ1N38rVXm+6+MEhJQ==
  dependencies:
    asynckit "^0.4.0"
    combined-stream "^1.0.6"
    mime-types "^2.1.12"

fsevents@~2.3.2:
  version "2.3.2"
  resolved "https://registry.npmmirror.com/fsevents/-/fsevents-2.3.2.tgz#8a526f78b8fdf4623b709e0b975c52c24c02fd1a"
  integrity sha512-xiqMQR4xAeHTuB9uWm+fFRcIOgKBMiOBP+eXiyT7jsgVCq1bkVygt00oASowB7EdtpOHaaPgKt812P9ab+DDKA==

function-bind@^1.1.1:
  version "1.1.1"
  resolved "https://registry.npmmirror.com/function-bind/-/function-bind-1.1.1.tgz#a56899d3ea3c9bab874bb9773b7c5ede92f4895d"
  integrity sha512-yIovAzMX49sF8Yl58fSCWJ5svSLuaibPxXQJFLmBObTuCr0Mf1KiPopGM9NiFjiYBCbfaa2Fh6breQ6ANVTI0A==

getpass@^0.1.1:
  version "0.1.7"
  resolved "https://registry.npmmirror.com/getpass/-/getpass-0.1.7.tgz#5eff8e3e684d569ae4cb2b1282604e8ba62149fa"
  integrity sha512-0fzj9JxOLfJ+XGLhR8ze3unN0KZCgZwiSSDz168VERjK8Wl8kVSdcu2kspd4s4wtAa1y/qrVRiAA0WclVsu0ng==
  dependencies:
    assert-plus "^1.0.0"

har-schema@^2.0.0:
  version "2.0.0"
  resolved "https://registry.npmmirror.com/har-schema/-/har-schema-2.0.0.tgz#a94c2224ebcac04782a0d9035521f24735b7ec92"
  integrity sha512-Oqluz6zhGX8cyRaTQlFMPw80bSJVG2x/cFb8ZPhUILGgHka9SsokCCOQgpveePerqidZOrT14ipqfJb7ILcW5Q==

har-validator@~5.1.3:
  version "5.1.5"
  resolved "https://registry.npmmirror.com/har-validator/-/har-validator-5.1.5.tgz#1f0803b9f8cb20c0fa13822df1ecddb36bde1efd"
  integrity sha512-nmT2T0lljbxdQZfspsno9hgrG3Uir6Ks5afism62poxqBM6sDnMEuPmzTq8XN0OEwqKLLdh1jQI3qyE66Nzb3w==
  dependencies:
    ajv "^6.12.3"
    har-schema "^2.0.0"

has@^1.0.3:
  version "1.0.3"
  resolved "https://registry.npmmirror.com/has/-/has-1.0.3.tgz#722d7cbfc1f6aa8241f16dd814e011e1f41e8796"
  integrity sha512-f2dvO0VU6Oej7RkWJGrehjbzMAjFp5/VKPp5tTpWIV4JHHZK1/BxbFRtf/siA2SWTe09caDmVtYYzWEIbBS4zw==
  dependencies:
    function-bind "^1.1.1"

html-encoding-sniffer@^1.0.2:
  version "1.0.2"
  resolved "https://registry.npmmirror.com/html-encoding-sniffer/-/html-encoding-sniffer-1.0.2.tgz#e70d84b94da53aa375e11fe3a351be6642ca46f8"
  integrity sha512-71lZziiDnsuabfdYiUeWdCVyKuqwWi23L8YeIgV9jSSZHCtb6wB1BKWooH7L3tn4/FuZJMVWyNaIDr4RGmaSYw==
  dependencies:
    whatwg-encoding "^1.0.1"

http-signature@~1.2.0:
  version "1.2.0"
  resolved "https://registry.npmmirror.com/http-signature/-/http-signature-1.2.0.tgz#9aecd925114772f3d95b65a60abb8f7c18fbace1"
  integrity sha512-CAbnr6Rz4CYQkLYUtSNXxQPUH2gK8f3iWexVlsnMeD+GjlsQ0Xsy1cOX+mN3dtxYomRy21CiOzU8Uhw6OwncEQ==
  dependencies:
    assert-plus "^1.0.0"
    jsprim "^1.2.2"
    sshpk "^1.7.0"

iconv-lite@0.4.24:
  version "0.4.24"
  resolved "https://registry.npmmirror.com/iconv-lite/-/iconv-lite-0.4.24.tgz#2022b4b25fbddc21d2f524974a474aafe733908b"
  integrity sha512-v3MXnZAcvnywkTUEZomIActle7RXXeedOR31wwl7VlyoXO4Qi9arvSenNQWne1TcRwhCL1HwLI21bEqdpj8/rA==
  dependencies:
    safer-buffer ">= 2.1.2 < 3"

ip-regex@^2.1.0:
  version "2.1.0"
  resolved "https://registry.npmmirror.com/ip-regex/-/ip-regex-2.1.0.tgz#fa78bf5d2e6913c911ce9f819ee5146bb6d844e9"
  integrity sha512-58yWmlHpp7VYfcdTwMTvwMmqx/Elfxjd9RXTDyMsbL7lLWmhMylLEqiYVLKuLzOZqVgiWXD9MfR62Vv89VRxkw==

is-core-module@^2.8.1:
  version "2.8.1"
  resolved "https://registry.npmmirror.com/is-core-module/-/is-core-module-2.8.1.tgz#f59fdfca701d5879d0a6b100a40aa1560ce27211"
  integrity sha512-SdNCUs284hr40hFTFP6l0IfZ/RSrMXF3qgoRHd3/79unUTvrFO/JoXwkGm+5J/Oe3E/b5GsnG330uUNgRpu1PA==
  dependencies:
    has "^1.0.3"

is-typedarray@~1.0.0:
  version "1.0.0"
  resolved "https://registry.npmmirror.com/is-typedarray/-/is-typedarray-1.0.0.tgz#e479c80858df0c1b11ddda6940f96011fcda4a9a"
  integrity sha512-cyA56iCMHAh5CdzjJIa4aohJyeO1YbwLi3Jc35MmRU6poroFjIGZzUzupGiRPOjgHg9TLu43xbpwXk523fMxKA==

isstream@~0.1.2:
  version "0.1.2"
  resolved "https://registry.npmmirror.com/isstream/-/isstream-0.1.2.tgz#47e63f7af55afa6f92e1500e690eb8b8529c099a"
  integrity sha512-Yljz7ffyPbrLpLngrMtZ7NduUgVvi6wG9RJ9IUcyCd59YQ911PBJphODUcbOVbqYfxe1wuYf/LJ8PauMRwsM/g==

jsbn@~0.1.0:
  version "0.1.1"
  resolved "https://registry.npmmirror.com/jsbn/-/jsbn-0.1.1.tgz#a5e654c2e5a2deb5f201d96cefbca80c0ef2f513"
  integrity sha512-UVU9dibq2JcFWxQPA6KCqj5O42VOmAY3zQUfEKxU0KpTGXwNoCjkX1e13eHNvw/xPynt6pU0rZ1htjWTNTSXsg==

jsdom@15.2.1:
  version "15.2.1"
  resolved "https://registry.npmmirror.com/jsdom/-/jsdom-15.2.1.tgz#d2feb1aef7183f86be521b8c6833ff5296d07ec5"
  integrity sha512-fAl1W0/7T2G5vURSyxBzrJ1LSdQn6Tr5UX/xD4PXDx/PDgwygedfW6El/KIj3xJ7FU61TTYnc/l/B7P49Eqt6g==
  dependencies:
    abab "^2.0.0"
    acorn "^7.1.0"
    acorn-globals "^4.3.2"
    array-equal "^1.0.0"
    cssom "^0.4.1"
    cssstyle "^2.0.0"
    data-urls "^1.1.0"
    domexception "^1.0.1"
    escodegen "^1.11.1"
    html-encoding-sniffer "^1.0.2"
    nwsapi "^2.2.0"
    parse5 "5.1.0"
    pn "^1.1.0"
    request "^2.88.0"
    request-promise-native "^1.0.7"
    saxes "^3.1.9"
    symbol-tree "^3.2.2"
    tough-cookie "^3.0.1"
    w3c-hr-time "^1.0.1"
    w3c-xmlserializer "^1.1.2"
    webidl-conversions "^4.0.2"
    whatwg-encoding "^1.0.5"
    whatwg-mimetype "^2.3.0"
    whatwg-url "^7.0.0"
    ws "^7.0.0"
    xml-name-validator "^3.0.0"

json-schema-traverse@^0.4.1:
  version "0.4.1"
  resolved "https://registry.npmmirror.com/json-schema-traverse/-/json-schema-traverse-0.4.1.tgz#69f6a87d9513ab8bb8fe63bdb0979c448e684660"
  integrity sha512-xbbCH5dCYU5T8LcEhhuh7HJ88HXuW3qsI3Y0zOZFKfZEHcpWiHU/Jxzk629Brsab/mMiHQti9wMP+845RPe3Vg==

json-schema@0.4.0:
  version "0.4.0"
  resolved "https://registry.npmmirror.com/json-schema/-/json-schema-0.4.0.tgz#f7de4cf6efab838ebaeb3236474cbba5a1930ab5"
  integrity sha512-es94M3nTIfsEPisRafak+HDLfHXnKBhV3vU5eqPcS3flIWqcxJWgXHXiey3YrpaNsanY5ei1VoYEbOzijuq9BA==

json-stringify-safe@~5.0.1:
  version "5.0.1"
  resolved "https://registry.npmmirror.com/json-stringify-safe/-/json-stringify-safe-5.0.1.tgz#1296a2d58fd45f19a0f6ce01d65701e2c735b6eb"
  integrity sha512-ZClg6AaYvamvYEE82d3Iyd3vSSIjQ+odgjaTzRuO3s7toCdFKczob2i0zCh7JE8kWn17yvAWhUVxvqGwUalsRA==

jsprim@^1.2.2:
  version "1.4.2"
  resolved "https://registry.npmmirror.com/jsprim/-/jsprim-1.4.2.tgz#712c65533a15c878ba59e9ed5f0e26d5b77c5feb"
  integrity sha512-P2bSOMAc/ciLz6DzgjVlGJP9+BrJWu5UDGK70C2iweC5QBIeFf0ZXRvGjEj2uYgrY2MkAAhsSWHDWlFtEroZWw==
  dependencies:
    assert-plus "1.0.0"
    extsprintf "1.3.0"
    json-schema "0.4.0"
    verror "1.10.0"

levn@~0.3.0:
  version "0.3.0"
  resolved "https://registry.npmmirror.com/levn/-/levn-0.3.0.tgz#3b09924edf9f083c0490fdd4c0bc4421e04764ee"
  integrity sha512-0OO4y2iOHix2W6ujICbKIaEQXvFQHue65vUG3pb5EUomzPI90z9hsA1VsO/dbIIpC53J8gxM9Q4Oho0jrCM/yA==
  dependencies:
    prelude-ls "~1.1.2"
    type-check "~0.3.2"

lodash.sortby@^4.7.0:
  version "4.7.0"
  resolved "https://registry.npmmirror.com/lodash.sortby/-/lodash.sortby-4.7.0.tgz#edd14c824e2cc9c1e0b0a1b42bb5210516a42438"
  integrity sha512-HDWXG8isMntAyRF5vZ7xKuEvOhT4AhlRt/3czTSjvGUxjYCBVRQY48ViDHyfYz9VIoBkW4TMGQNapx+l3RUwdA==

lodash@^4.17.19:
  version "4.17.21"
  resolved "https://registry.npmmirror.com/lodash/-/lodash-4.17.21.tgz#679591c564c3bffaae8454cf0b3df370c3d6911c"
  integrity sha512-v2kDEe57lecTulaDIuNTPy3Ry4gLGJ6Z1O3vE1krgXZNrsQ+LFTGHVxVjcXPs17LhbZVGedAJv8XZ1tvj5FvSg==

magic-string@^0.25.7:
  version "0.25.9"
  resolved "https://registry.npmmirror.com/magic-string/-/magic-string-0.25.9.tgz#de7f9faf91ef8a1c91d02c2e5314c8277dbcdd1c"
  integrity sha512-RmF0AsMzgt25qzqqLc1+MbHmhdx0ojF2Fvs4XnOqz2ZOBXzzkEwc/dJQZCYHAn7v1jbVOjAZfK8msRn4BxO4VQ==
  dependencies:
    sourcemap-codec "^1.4.8"

mime-db@1.52.0:
  version "1.52.0"
  resolved "https://registry.npmmirror.com/mime-db/-/mime-db-1.52.0.tgz#bbabcdc02859f4987301c856e3387ce5ec43bf70"
  integrity sha512-sPU4uV7dYlvtWJxwwxHD0PuihVNiE7TyAbQ5SWxDCB9mUYvOgroQOwYQQOKPJ8CIbE+1ETVlOoK1UC2nU3gYvg==

mime-types@^2.1.12, mime-types@~2.1.19:
  version "2.1.35"
  resolved "https://registry.npmmirror.com/mime-types/-/mime-types-2.1.35.tgz#381a871b62a734450660ae3deee44813f70d959a"
  integrity sha512-ZDY+bPm5zTTF+YpCrAU9nK0UgICYPT0QtT1NZWFv4s++TNkcgVaT0g6+4R2uI4MjQjzysHB1zxuWL50hzaeXiw==
  dependencies:
    mime-db "1.52.0"

nanoid@^3.3.1:
  version "3.3.2"
  resolved "https://registry.npmmirror.com/nanoid/-/nanoid-3.3.2.tgz#c89622fafb4381cd221421c69ec58547a1eec557"
  integrity sha512-CuHBogktKwpm5g2sRgv83jEy2ijFzBwMoYA60orPDR7ynsLijJDqgsi4RDGj3OJpy3Ieb+LYwiRmIOGyytgITA==

nwsapi@^2.2.0:
  version "2.2.0"
  resolved "https://registry.npmmirror.com/nwsapi/-/nwsapi-2.2.0.tgz#204879a9e3d068ff2a55139c2c772780681a38b7"
  integrity sha512-h2AatdwYH+JHiZpv7pt/gSX1XoRGb7L/qSIeuqA6GwYoF9w1vP1cw42TO0aI2pNyshRK5893hNSl+1//vHK7hQ==

oauth-sign@~0.9.0:
  version "0.9.0"
  resolved "https://registry.npmmirror.com/oauth-sign/-/oauth-sign-0.9.0.tgz#47a7b016baa68b5fa0ecf3dee08a85c679ac6455"
  integrity sha512-fexhUFFPTGV8ybAtSIGbV6gOkSv8UtRbDBnAyLQw4QPKkgNlsH2ByPGtMUqdWkos6YCRmAqViwgZrJc/mRDzZQ==

optionator@^0.8.1:
  version "0.8.3"
  resolved "https://registry.npmmirror.com/optionator/-/optionator-0.8.3.tgz#84fa1d036fe9d3c7e21d99884b601167ec8fb495"
  integrity sha512-+IW9pACdk3XWmmTXG8m3upGUJst5XRGzxMRjXzAuJ1XnIFNvfhjjIuYkDvysnPQ7qzqVzLt78BCruntqRhWQbA==
  dependencies:
    deep-is "~0.1.3"
    fast-levenshtein "~2.0.6"
    levn "~0.3.0"
    prelude-ls "~1.1.2"
    type-check "~0.3.2"
    word-wrap "~1.2.3"

parse5@5.1.0:
  version "5.1.0"
  resolved "https://registry.npmmirror.com/parse5/-/parse5-5.1.0.tgz#c59341c9723f414c452975564c7c00a68d58acd2"
  integrity sha512-fxNG2sQjHvlVAYmzBZS9YlDp6PTSSDwa98vkD4QgVDDCAo84z5X1t5XyJQ62ImdLXx5NdIIfihey6xpum9/gRQ==

path-parse@^1.0.7:
  version "1.0.7"
  resolved "https://registry.npmmirror.com/path-parse/-/path-parse-1.0.7.tgz#fbc114b60ca42b30d9daf5858e4bd68bbedb6735"
  integrity sha512-LDJzPVEEEPR+y48z93A0Ed0yXb8pAByGWo/k5YYdYgpY2/2EsOsksJrq7lOHxryrVOn1ejG6oAp8ahvOIQD8sw==

performance-now@^2.1.0:
  version "2.1.0"
  resolved "https://registry.npmmirror.com/performance-now/-/performance-now-2.1.0.tgz#6309f4e0e5fa913ec1c69307ae364b4b377c9e7b"
  integrity sha512-7EAHlyLHI56VEIdK57uwHdHKIaAGbnXPiw0yWbarQZOKaKpvUIgW0jWRVLiatnM+XXlSwsanIBH/hzGMJulMow==

picocolors@^1.0.0:
  version "1.0.0"
  resolved "https://registry.npmmirror.com/picocolors/-/picocolors-1.0.0.tgz#cb5bdc74ff3f51892236eaf79d68bc44564ab81c"
  integrity sha512-1fygroTLlHu66zi26VoTDv8yRgm0Fccecssto+MhsZ0D/DGW2sm8E8AjW7NU5VVTRt5GxbeZ5qBuJr+HyLYkjQ==

pn@^1.1.0:
  version "1.1.0"
  resolved "https://registry.npmmirror.com/pn/-/pn-1.1.0.tgz#e2f4cef0e219f463c179ab37463e4e1ecdccbafb"
  integrity sha512-2qHaIQr2VLRFoxe2nASzsV6ef4yOOH+Fi9FBOVH6cqeSgUnoyySPZkxzLuzd+RYOQTRpROA0ztTMqxROKSb/nA==

postcss@^8.1.10, postcss@^8.4.12:
  version "8.4.12"
  resolved "https://registry.npmmirror.com/postcss/-/postcss-8.4.12.tgz#1e7de78733b28970fa4743f7da6f3763648b1905"
  integrity sha512-lg6eITwYe9v6Hr5CncVbK70SoioNQIq81nsaG86ev5hAidQvmOeETBqs7jm43K2F5/Ley3ytDtriImV6TpNiSg==
  dependencies:
    nanoid "^3.3.1"
    picocolors "^1.0.0"
    source-map-js "^1.0.2"

prelude-ls@~1.1.2:
  version "1.1.2"
  resolved "https://registry.npmmirror.com/prelude-ls/-/prelude-ls-1.1.2.tgz#21932a549f5e52ffd9a827f570e04be62a97da54"
  integrity sha512-ESF23V4SKG6lVSGZgYNpbsiaAkdab6ZgOxe52p7+Kid3W3u3bxR4Vfd/o21dmN7jSt0IwgZ4v5MUd26FEtXE9w==

psl@^1.1.28:
  version "1.8.0"
  resolved "https://registry.npmmirror.com/psl/-/psl-1.8.0.tgz#9326f8bcfb013adcc005fdff056acce020e51c24"
  integrity sha512-RIdOzyoavK+hA18OGGWDqUTsCLhtA7IcZ/6NCs4fFJaHBDab+pDDmDIByWFRQJq2Cd7r1OoQxBGKOaztq+hjIQ==

punycode@^2.1.0, punycode@^2.1.1:
  version "2.1.1"
  resolved "https://registry.npmmirror.com/punycode/-/punycode-2.1.1.tgz#b58b010ac40c22c5657616c8d2c2c02c7bf479ec"
  integrity sha512-XRsRjdf+j5ml+y/6GKHPZbrF/8p2Yga0JPtdqTIY2Xe5ohJPD9saDJJLPvp9+NSBprVvevdXZybnj2cv8OEd0A==

qs@~6.5.2:
  version "6.5.3"
  resolved "https://registry.npmmirror.com/qs/-/qs-6.5.3.tgz#3aeeffc91967ef6e35c0e488ef46fb296ab76aad"
  integrity sha512-qxXIEh4pCGfHICj1mAJQ2/2XVZkjCDTcEgfoSQxc/fYivUZxTkk7L3bDBJSoNrEzXI17oUO5Dp07ktqE5KzczA==

request-promise-core@1.1.4:
  version "1.1.4"
  resolved "https://registry.npmmirror.com/request-promise-core/-/request-promise-core-1.1.4.tgz#3eedd4223208d419867b78ce815167d10593a22f"
  integrity sha512-TTbAfBBRdWD7aNNOoVOBH4pN/KigV6LyapYNNlAPA8JwbovRti1E88m3sYAwsLi5ryhPKsE9APwnjFTgdUjTpw==
  dependencies:
    lodash "^4.17.19"

request-promise-native@^1.0.7:
  version "1.0.9"
  resolved "https://registry.npmmirror.com/request-promise-native/-/request-promise-native-1.0.9.tgz#e407120526a5efdc9a39b28a5679bf47b9d9dc28"
  integrity sha512-wcW+sIUiWnKgNY0dqCpOZkUbF/I+YPi+f09JZIDa39Ec+q82CpSYniDp+ISgTTbKmnpJWASeJBPZmoxH84wt3g==
  dependencies:
    request-promise-core "1.1.4"
    stealthy-require "^1.1.1"
    tough-cookie "^2.3.3"

request@^2.88.0:
  version "2.88.2"
  resolved "https://registry.npmmirror.com/request/-/request-2.88.2.tgz#d73c918731cb5a87da047e207234146f664d12b3"
  integrity sha512-MsvtOrfG9ZcrOwAW+Qi+F6HbD0CWXEh9ou77uOb7FM2WPhwT7smM833PzanhJLsgXjN89Ir6V2PczXNnMpwKhw==
  dependencies:
    aws-sign2 "~0.7.0"
    aws4 "^1.8.0"
    caseless "~0.12.0"
    combined-stream "~1.0.6"
    extend "~3.0.2"
    forever-agent "~0.6.1"
    form-data "~2.3.2"
    har-validator "~5.1.3"
    http-signature "~1.2.0"
    is-typedarray "~1.0.0"
    isstream "~0.1.2"
    json-stringify-safe "~5.0.1"
    mime-types "~2.1.19"
    oauth-sign "~0.9.0"
    performance-now "^2.1.0"
    qs "~6.5.2"
    safe-buffer "^5.1.2"
    tough-cookie "~2.5.0"
    tunnel-agent "^0.6.0"
    uuid "^3.3.2"

resolve@^1.22.0:
  version "1.22.0"
  resolved "https://registry.npmmirror.com/resolve/-/resolve-1.22.0.tgz#5e0b8c67c15df57a89bdbabe603a002f21731198"
  integrity sha512-Hhtrw0nLeSrFQ7phPp4OOcVjLPIeMnRlr5mcnVuMe7M/7eBn98A3hmFRLoFo3DLZkivSYwhRUJTyPyWAk56WLw==
  dependencies:
    is-core-module "^2.8.1"
    path-parse "^1.0.7"
    supports-preserve-symlinks-flag "^1.0.0"

rollup@^2.59.0:
  version "2.70.1"
  resolved "https://registry.npmmirror.com/rollup/-/rollup-2.70.1.tgz#824b1f1f879ea396db30b0fc3ae8d2fead93523e"
  integrity sha512-CRYsI5EuzLbXdxC6RnYhOuRdtz4bhejPMSWjsFLfVM/7w/85n2szZv6yExqUXsBdz5KT8eoubeyDUDjhLHEslA==
  optionalDependencies:
    fsevents "~2.3.2"

safe-buffer@^5.0.1, safe-buffer@^5.1.2:
  version "5.2.1"
  resolved "https://registry.npmmirror.com/safe-buffer/-/safe-buffer-5.2.1.tgz#1eaf9fa9bdb1fdd4ec75f58f9cdb4e6b7827eec6"
  integrity sha512-rp3So07KcdmmKbGvgaNxQSJr7bGVSVk5S9Eq1F+ppbRo70+YeaDxkw5Dd8NPN+GD6bjnYm2VuPuCXmpuYvmCXQ==

"safer-buffer@>= 2.1.2 < 3", safer-buffer@^2.0.2, safer-buffer@^2.1.0, safer-buffer@~2.1.0:
  version "2.1.2"
  resolved "https://registry.npmmirror.com/safer-buffer/-/safer-buffer-2.1.2.tgz#44fa161b0187b9549dd84bb91802f9bd8385cd6a"
  integrity sha512-YZo3K82SD7Riyi0E1EQPojLz7kpepnSQI9IyPbHHg1XXXevb5dJI7tpyN2ADxGcQbHG7vcyRHk0cbwqcQriUtg==

saxes@^3.1.9:
  version "3.1.11"
  resolved "https://registry.npmmirror.com/saxes/-/saxes-3.1.11.tgz#d59d1fd332ec92ad98a2e0b2ee644702384b1c5b"
  integrity sha512-Ydydq3zC+WYDJK1+gRxRapLIED9PWeSuuS41wqyoRmzvhhh9nc+QQrVMKJYzJFULazeGhzSV0QleN2wD3boh2g==
  dependencies:
    xmlchars "^2.1.1"

source-map-js@^1.0.2:
  version "1.0.2"
  resolved "https://registry.npmmirror.com/source-map-js/-/source-map-js-1.0.2.tgz#adbc361d9c62df380125e7f161f71c826f1e490c"
  integrity sha512-R0XvVJ9WusLiqTCEiGCmICCMplcCkIwwR11mOSD9CR5u+IXYdiseeEuXCVAjS54zqwkLcPNnmU4OeJ6tUrWhDw==

source-map@^0.6.1, source-map@~0.6.1:
  version "0.6.1"
  resolved "https://registry.npmmirror.com/source-map/-/source-map-0.6.1.tgz#74722af32e9614e9c287a8d0bbde48b5e2f1a263"
  integrity sha512-UjgapumWlbMhkBgzT7Ykc5YXUT46F0iKu8SGXq0bcwP5dz/h0Plj6enJqjz1Zbq2l5WaqYnrVbwWOWMyF3F47g==

sourcemap-codec@^1.4.8:
  version "1.4.8"
  resolved "https://registry.npmmirror.com/sourcemap-codec/-/sourcemap-codec-1.4.8.tgz#ea804bd94857402e6992d05a38ef1ae35a9ab4c4"
  integrity sha512-9NykojV5Uih4lgo5So5dtw+f0JgJX30KCNI8gwhz2J9A15wD0Ml6tjHKwf6fTSa6fAdVBdZeNOs9eJ71qCk8vA==

sshpk@^1.7.0:
  version "1.17.0"
  resolved "https://registry.npmmirror.com/sshpk/-/sshpk-1.17.0.tgz#578082d92d4fe612b13007496e543fa0fbcbe4c5"
  integrity sha512-/9HIEs1ZXGhSPE8X6Ccm7Nam1z8KcoCqPdI7ecm1N33EzAetWahvQWVqLZtaZQ+IDKX4IyA2o0gBzqIMkAagHQ==
  dependencies:
    asn1 "~0.2.3"
    assert-plus "^1.0.0"
    bcrypt-pbkdf "^1.0.0"
    dashdash "^1.12.0"
    ecc-jsbn "~0.1.1"
    getpass "^0.1.1"
    jsbn "~0.1.0"
    safer-buffer "^2.0.2"
    tweetnacl "~0.14.0"

stealthy-require@^1.1.1:
  version "1.1.1"
  resolved "https://registry.npmmirror.com/stealthy-require/-/stealthy-require-1.1.1.tgz#35b09875b4ff49f26a777e509b3090a3226bf24b"
  integrity sha512-ZnWpYnYugiOVEY5GkcuJK1io5V8QmNYChG62gSit9pQVGErXtrKuPC55ITaVSukmMta5qpMU7vqLt2Lnni4f/g==

supports-preserve-symlinks-flag@^1.0.0:
  version "1.0.0"
  resolved "https://registry.npmmirror.com/supports-preserve-symlinks-flag/-/supports-preserve-symlinks-flag-1.0.0.tgz#6eda4bd344a3c94aea376d4cc31bc77311039e09"
  integrity sha512-ot0WnXS9fgdkgIcePe6RHNk1WA8+muPa6cSjeR3V8K27q9BB1rTE3R1p7Hv0z1ZyAc8s6Vvv8DIyWf681MAt0w==

symbol-tree@^3.2.2:
  version "3.2.4"
  resolved "https://registry.npmmirror.com/symbol-tree/-/symbol-tree-3.2.4.tgz#430637d248ba77e078883951fb9aa0eed7c63fa2"
  integrity sha512-9QNk5KwDF+Bvz+PyObkmSYjI5ksVUYtjW7AU22r2NKcfLJcXp96hkDWU3+XndOsUb+AQ9QhfzfCT2O+CNWT5Tw==

tough-cookie@^2.3.3, tough-cookie@~2.5.0:
  version "2.5.0"
  resolved "https://registry.npmmirror.com/tough-cookie/-/tough-cookie-2.5.0.tgz#cd9fb2a0aa1d5a12b473bd9fb96fa3dcff65ade2"
  integrity sha512-nlLsUzgm1kfLXSXfRZMc1KLAugd4hqJHDTvc2hDIwS3mZAfMEuMbc03SujMF+GEcpaX/qboeycw6iO8JwVv2+g==
  dependencies:
    psl "^1.1.28"
    punycode "^2.1.1"

tough-cookie@^3.0.1:
  version "3.0.1"
  resolved "https://registry.npmmirror.com/tough-cookie/-/tough-cookie-3.0.1.tgz#9df4f57e739c26930a018184887f4adb7dca73b2"
  integrity sha512-yQyJ0u4pZsv9D4clxO69OEjLWYw+jbgspjTue4lTQZLfV0c5l1VmK2y1JK8E9ahdpltPOaAThPcp5nKPUgSnsg==
  dependencies:
    ip-regex "^2.1.0"
    psl "^1.1.28"
    punycode "^2.1.1"

tr46@^1.0.1:
  version "1.0.1"
  resolved "https://registry.npmmirror.com/tr46/-/tr46-1.0.1.tgz#a8b13fd6bfd2489519674ccde55ba3693b706d09"
  integrity sha512-dTpowEjclQ7Kgx5SdBkqRzVhERQXov8/l9Ft9dVM9fmg0W0KQSVaXX9T4i6twCPNtYiZM53lpSSUAwJbFPOHxA==
  dependencies:
    punycode "^2.1.0"

tunnel-agent@^0.6.0:
  version "0.6.0"
  resolved "https://registry.npmmirror.com/tunnel-agent/-/tunnel-agent-0.6.0.tgz#27a5dea06b36b04a0a9966774b290868f0fc40fd"
  integrity sha512-McnNiV1l8RYeY8tBgEpuodCC1mLUdbSN+CYBL7kJsJNInOP8UjDDEwdk6Mw60vdLLrr5NHKZhMAOSrR2NZuQ+w==
  dependencies:
    safe-buffer "^5.0.1"

tweetnacl@^0.14.3, tweetnacl@~0.14.0:
  version "0.14.5"
  resolved "https://registry.npmmirror.com/tweetnacl/-/tweetnacl-0.14.5.tgz#5ae68177f192d4456269d108afa93ff8743f4f64"
  integrity sha512-KXXFFdAbFXY4geFIwoyNK+f5Z1b7swfXABfL7HXCmoIWMKU3dmS26672A4EeQtDzLKy7SXmfBu51JolvEKwtGA==

type-check@~0.3.2:
  version "0.3.2"
  resolved "https://registry.npmmirror.com/type-check/-/type-check-0.3.2.tgz#5884cab512cf1d355e3fb784f30804b2b520db72"
  integrity sha512-ZCmOJdvOWDBYJlzAoFkC+Q0+bUyEOS1ltgp1MGU03fqHG+dbi9tBFU2Rd9QKiDZFAYrhPh2JUf7rZRIuHRKtOg==
  dependencies:
    prelude-ls "~1.1.2"

uri-js@^4.2.2:
  version "4.4.1"
  resolved "https://registry.npmmirror.com/uri-js/-/uri-js-4.4.1.tgz#9b1a52595225859e55f669d928f88c6c57f2a77e"
  integrity sha512-7rKUyy33Q1yc98pQ1DAmLtwX109F7TIfWlW1Ydo8Wl1ii1SeHieeh0HHfPeL2fMXK6z0s8ecKs9frCuLJvndBg==
  dependencies:
    punycode "^2.1.0"

uuid@^3.3.2:
  version "3.4.0"
  resolved "https://registry.npmmirror.com/uuid/-/uuid-3.4.0.tgz#b23e4358afa8a202fe7a100af1f5f883f02007ee"
  integrity sha512-HjSDRw6gZE5JMggctHBcjVak08+KEVhSIiDzFnT9S9aegmp85S/bReBVTb4QTFaRNptJ9kuYaNhnbNEOkbKb/A==

verror@1.10.0:
  version "1.10.0"
  resolved "https://registry.npmmirror.com/verror/-/verror-1.10.0.tgz#3a105ca17053af55d6e270c1f8288682e18da400"
  integrity sha512-ZZKSmDAEFOijERBLkmYfJ+vmk3w+7hOLYDNkRCuRuMJGEmqYNCNLyBBFwWKVMhfwaEF3WOd0Zlw86U/WC/+nYw==
  dependencies:
    assert-plus "^1.0.0"
    core-util-is "1.0.2"
    extsprintf "^1.2.0"

vite@^2.9.2:
  version "2.9.4"
  resolved "https://registry.npmmirror.com/vite/-/vite-2.9.4.tgz#3d1c5895ecacfcaf8e7e96316d4d4ca3dfbf983b"
  integrity sha512-7pO6ruZMsyTpaPB7kGtW+yj15Ze5g+E4w4Ramk1sAJLIuI4uPd5sauqubmZNpq0Yc1vLVxoXRf2Uj+qWxk5aXw==
  dependencies:
    esbuild "^0.14.27"
    postcss "^8.4.12"
    resolve "^1.22.0"
    rollup "^2.59.0"
  optionalDependencies:
    fsevents "~2.3.2"

vue-router@4:
  version "4.0.14"
  resolved "https://registry.npmmirror.com/vue-router/-/vue-router-4.0.14.tgz#ce2028c1c5c33e30c7287950c973f397fce1bd65"
  integrity sha512-wAO6zF9zxA3u+7AkMPqw9LjoUCjSxfFvINQj3E/DceTt6uEz1XZLraDhdg2EYmvVwTBSGlLYsUw8bDmx0754Mw==
  dependencies:
    "@vue/devtools-api" "^6.0.0"

vue@^3.2.25:
  version "3.2.32"
  resolved "https://registry.npmmirror.com/vue/-/vue-3.2.32.tgz#a09840e237384c673f421ff7280c4469714f2ac0"
  integrity sha512-6L3jKZApF042OgbCkh+HcFeAkiYi3Lovi8wNhWqIK98Pi5efAMLZzRHgi91v+60oIRxdJsGS9sTMsb+yDpY8Eg==
  dependencies:
    "@vue/compiler-dom" "3.2.32"
    "@vue/compiler-sfc" "3.2.32"
    "@vue/runtime-dom" "3.2.32"
    "@vue/server-renderer" "3.2.32"
    "@vue/shared" "3.2.32"

w3c-hr-time@^1.0.1:
  version "1.0.2"
  resolved "https://registry.npmmirror.com/w3c-hr-time/-/w3c-hr-time-1.0.2.tgz#0a89cdf5cc15822df9c360543676963e0cc308cd"
  integrity sha512-z8P5DvDNjKDoFIHK7q8r8lackT6l+jo/Ye3HOle7l9nICP9lf1Ci25fy9vHd0JOWewkIFzXIEig3TdKT7JQ5fQ==
  dependencies:
    browser-process-hrtime "^1.0.0"

w3c-xmlserializer@^1.1.2:
  version "1.1.2"
  resolved "https://registry.npmmirror.com/w3c-xmlserializer/-/w3c-xmlserializer-1.1.2.tgz#30485ca7d70a6fd052420a3d12fd90e6339ce794"
  integrity sha512-p10l/ayESzrBMYWRID6xbuCKh2Fp77+sA0doRuGn4tTIMrrZVeqfpKjXHY+oDh3K4nLdPgNwMTVP6Vp4pvqbNg==
  dependencies:
    domexception "^1.0.1"
    webidl-conversions "^4.0.2"
    xml-name-validator "^3.0.0"

webidl-conversions@^4.0.2:
  version "4.0.2"
  resolved "https://registry.npmmirror.com/webidl-conversions/-/webidl-conversions-4.0.2.tgz#a855980b1f0b6b359ba1d5d9fb39ae941faa63ad"
  integrity sha512-YQ+BmxuTgd6UXZW3+ICGfyqRyHXVlD5GtQr5+qjiNW7bF0cqrzX500HVXPBOvgXb5YnzDd+h0zqyv61KUD7+Sg==

whatwg-encoding@^1.0.1, whatwg-encoding@^1.0.5:
  version "1.0.5"
  resolved "https://registry.npmmirror.com/whatwg-encoding/-/whatwg-encoding-1.0.5.tgz#5abacf777c32166a51d085d6b4f3e7d27113ddb0"
  integrity sha512-b5lim54JOPN9HtzvK9HFXvBma/rnfFeqsic0hSpjtDbVxR3dJKLc+KB4V6GgiGOvl7CY/KNh8rxSo9DKQrnUEw==
  dependencies:
    iconv-lite "0.4.24"

whatwg-mimetype@^2.2.0, whatwg-mimetype@^2.3.0:
  version "2.3.0"
  resolved "https://registry.npmmirror.com/whatwg-mimetype/-/whatwg-mimetype-2.3.0.tgz#3d4b1e0312d2079879f826aff18dbeeca5960fbf"
  integrity sha512-M4yMwr6mAnQz76TbJm914+gPpB/nCwvZbJU28cUD6dR004SAxDLOOSUaB1JDRqLtaOV/vi0IC5lEAGFgrjGv/g==

whatwg-url@^7.0.0:
  version "7.1.0"
  resolved "https://registry.npmmirror.com/whatwg-url/-/whatwg-url-7.1.0.tgz#c2c492f1eca612988efd3d2266be1b9fc6170d06"
  integrity sha512-WUu7Rg1DroM7oQvGWfOiAK21n74Gg+T4elXEQYkOhtyLeWiJFoOGLXPKI/9gzIie9CtwVLm8wtw6YJdKyxSjeg==
  dependencies:
    lodash.sortby "^4.7.0"
    tr46 "^1.0.1"
    webidl-conversions "^4.0.2"

word-wrap@~1.2.3:
  version "1.2.3"
  resolved "https://registry.npmmirror.com/word-wrap/-/word-wrap-1.2.3.tgz#610636f6b1f703891bd34771ccb17fb93b47079c"
  integrity sha512-Hz/mrNwitNRh/HUAtM/VT/5VH+ygD6DV7mYKZAtHOrbs8U7lvPS6xf7EJKMF0uW1KJCl0H701g3ZGus+muE5vQ==

ws@^7.0.0:
  version "7.5.7"
  resolved "https://registry.npmmirror.com/ws/-/ws-7.5.7.tgz#9e0ac77ee50af70d58326ecff7e85eb3fa375e67"
  integrity sha512-KMvVuFzpKBuiIXW3E4u3mySRO2/mCHSyZDJQM5NQ9Q9KHWHWh0NHgfbRMLLrceUK5qAL4ytALJbpRMjixFZh8A==

xml-name-validator@^3.0.0:
  version "3.0.0"
  resolved "https://registry.npmmirror.com/xml-name-validator/-/xml-name-validator-3.0.0.tgz#6ae73e06de4d8c6e47f9fb181f78d648ad457c6a"
  integrity sha512-A5CUptxDsvxKJEU3yO6DuWBSJz/qizqzJKOMIfUJHETbBw/sFaDxgd6fxm1ewUaM0jZ444Fc5vC5ROYurg/4Pw==

xmlchars@^2.1.1:
  version "2.2.0"
  resolved "https://registry.npmmirror.com/xmlchars/-/xmlchars-2.2.0.tgz#060fe1bcb7f9c76fe2a17db86a9bc3ab894210cb"
  integrity sha512-JZnDKK8B0RCDw84FNdDAIpZK+JuJw+s7Lz8nksI7SIuU3UXJJslUthsi+uWBUYOwPFwW7W7PRLRfUKpxjtjFCw==
